
Microsoft Visual Studio Solution File, Format Version 12.00
# Visual Studio Version 17
VisualStudioVersion = 17.10.35027.167
MinimumVisualStudioVersion = 10.0.40219.1
Project("{8BC9CEB8-8B4A-11D0-8D11-00A0C91BC942}") = "Swap Two Numbers Using References", "Swap Two Numbers Using References.vcxproj", "{95B3EF51-6BE9-479A-8DB9-79D28D340548}"
EndProject
Global
	GlobalSection(SolutionConfigurationPlatforms) = preSolution
		Debug|x64 = Debug|x64
		Debug|x86 = Debug|x86
		Release|x64 = Release|x64
		Release|x86 = Release|x86
	EndGlobalSection
	GlobalSection(ProjectConfigurationPlatforms) = postSolution
		{95B3EF51-6BE9-479A-8DB9-79D28D340548}.Debug|x64.ActiveCfg = Debug|x64
		{95B3EF51-6BE9-479A-8DB9-79D28D340548}.Debug|x64.Build.0 = Debug|x64
		{95B3EF51-6BE9-479A-8DB9-79D28D340548}.Debug|x86.ActiveCfg = Debug|Win32
		{95B3EF51-6BE9-479A-8DB9-79D28D340548}.Debug|x86.Build.0 = Debug|Win32
		{95B3EF51-6BE9-479A-8DB9-79D28D340548}.Release|x64.ActiveCfg = Release|x64
		{95B3EF51-6BE9-479A-8DB9-79D28D340548}.Release|x64.Build.0 = Release|x64
		{95B3EF51-6BE9-479A-8DB9-79D28D340548}.Release|x86.ActiveCfg = Release|Win32
		{95B3EF51-6BE9-479A-8DB9-79D28D340548}.Release|x86.Build.0 = Release|Win32
	EndGlobalSection
	GlobalSection(SolutionProperties) = preSolution
		HideSolutionNode = FALSE
	EndGlobalSection
	GlobalSection(ExtensibilityGlobals) = postSolution
		SolutionGuid = {44E9F503-41D5-45E1-8EE3-E170AA9EF4E7}
	EndGlobalSection
EndGlobal
